
Microsoft Visual Studio Solution File, Format Version 12.00
# Visual Studio Version 16
VisualStudioVersion = 16.0.810.6
MinimumVisualStudioVersion = 10.0.40219.1
Project("{FAE04EC0-301F-11D3-BF4B-00C04F79EFBC}") = "InfobipSmsApiExample", "InfobipSmsApiExample\InfobipSmsApiExample.csproj", "{353F9AA0-7BAF-4C53-BF60-853922DF33D6}"
EndProject
Global
	GlobalSection(SolutionConfigurationPlatforms) = preSolution
		Debug|Any CPU = Debug|Any CPU
		Release|Any CPU = Release|Any CPU
	EndGlobalSection
	GlobalSection(ProjectConfigurationPlatforms) = postSolution
		{353F9AA0-7BAF-4C53-BF60-853922DF33D6}.Debug|Any CPU.ActiveCfg = Debug|Any CPU
		{353F9AA0-7BAF-4C53-BF60-853922DF33D6}.Debug|Any CPU.Build.0 = Debug|Any CPU
		{353F9AA0-7BAF-4C53-BF60-853922DF33D6}.Release|Any CPU.ActiveCfg = Release|Any CPU
		{353F9AA0-7BAF-4C53-BF60-853922DF33D6}.Release|Any CPU.Build.0 = Release|Any CPU
	EndGlobalSection
	GlobalSection(SolutionProperties) = preSolution
		HideSolutionNode = FALSE
	EndGlobalSection
	GlobalSection(ExtensibilityGlobals) = postSolution
		SolutionGuid = {9D68EAC0-9A99-4CCA-B725-1AE43176556D}
	EndGlobalSection
EndGlobal
